{
  "originHash" : "2753c9a7eccbc12460357ec6aad27fca343358a1788fb83204d7b281a79f3ca0",
  "pins" : [
    {
      "identity" : "macroskit",
      "kind" : "remoteSourceControl",
      "location" : "https://github.com/buildexperience/MacrosKit.git",
      "state" : {
        "branch" : "main",
        "revision" : "32150b5c2f3d91a75f0a9a283044954a276dd26a"
      }
    },
    {
      "identity" : "swift-syntax",
      "kind" : "remoteSourceControl",
      "location" : "https://github.com/swiftlang/swift-syntax.git",
      "state" : {
        "revision" : "2bc86522d115234d1f588efe2bcb4ce4be8f8b82",
        "version" : "510.0.3"
      }
    }
  ],
  "version" : 2
}
