{
  "originHash" : "8df8464361b8d3c1f1e8498c78b96d1402f772948e4c51c66e51fb010b1441a9",
  "pins" : [
    {
      "identity" : "macroskit",
      "kind" : "remoteSourceControl",
      "location" : "https://github.com/buildexperience/MacrosKit.git",
      "state" : {
        "branch" : "main",
        "revision" : "919c83f82d54ed65c89abbc5f9189bc1027dae0d"
      }
    },
    {
      "identity" : "swift-syntax",
      "kind" : "remoteSourceControl",
      "location" : "https://github.com/swiftlang/swift-syntax.git",
      "state" : {
        "revision" : "2bc86522d115234d1f588efe2bcb4ce4be8f8b82",
        "version" : "510.0.3"
      }
    }
  ],
  "version" : 3
}
